github.com/klauspost/compress v1.17.2 h1:RlWWUY/Dr4fL8qk9YG7DTZ7PDgME2V4csBXA8L/ixi4=
github.com/nats-io/nats.go v1.33.1 h1:8TxLZZ/seeEfR97qV0/Bl939tpDnt2Z2fK3HkPypj70=
github.com/nats-io/nkeys v0.4.7 h1:RwNJbbIdYCoClSDNY7QVKZlyb/wfT6ugvFCiKy6vDvI=
github.com/nats-io/nuid v1.0.1 h1:5iA8DT8V7q8WK2EScv2padNa/rTESc1KdnPw4TC2paw=
github.com/yousuf64/shift v0.5.0 h1:Cm6htSB71nxh7TbzNHdvLVvikXAt547NX+DBiPOUPus=
github.com/yousuf64/shift v0.5.0/go.mod h1:3NVba3VRxlX/naSY8QRuiJ8H0UYAm6Wb2sD0rOIca9w=
golang.org/x/crypto v0.18.0 h1:PGVlW0xEltQnzFZ55hkuX5+KLyrMYhHld1YHO4AKcdc=
golang.org/x/sys v0.16.0 h1:xWw16ngr6ZMtmxDyKyIgsE93KNKz5HKmMa3b8ALHidU=
